
Microsoft Visual Studio Solution File, Format Version 12.00
# Visual Studio 15
VisualStudioVersion = 15.0.28307.852
MinimumVisualStudioVersion = 10.0.40219.1
Project("{FAE04EC0-301F-11D3-BF4B-00C04F79EFBC}") = "18.10lisatund", "18.10lisatund\18.10lisatund.csproj", "{7C488FB1-0248-414E-AEB2-D02CC19897E3}"
EndProject
Global
	GlobalSection(SolutionConfigurationPlatforms) = preSolution
		Debug|Any CPU = Debug|Any CPU
		Release|Any CPU = Release|Any CPU
	EndGlobalSection
	GlobalSection(ProjectConfigurationPlatforms) = postSolution
		{7C488FB1-0248-414E-AEB2-D02CC19897E3}.Debug|Any CPU.ActiveCfg = Debug|Any CPU
		{7C488FB1-0248-414E-AEB2-D02CC19897E3}.Debug|Any CPU.Build.0 = Debug|Any CPU
		{7C488FB1-0248-414E-AEB2-D02CC19897E3}.Release|Any CPU.ActiveCfg = Release|Any CPU
		{7C488FB1-0248-414E-AEB2-D02CC19897E3}.Release|Any CPU.Build.0 = Release|Any CPU
	EndGlobalSection
	GlobalSection(SolutionProperties) = preSolution
		HideSolutionNode = FALSE
	EndGlobalSection
	GlobalSection(ExtensibilityGlobals) = postSolution
		SolutionGuid = {49C46230-72EC-4E8B-B989-56846F5D5422}
	EndGlobalSection
EndGlobal
